
Microsoft Visual Studio Solution File, Format Version 12.00
# Visual Studio Version 17
VisualStudioVersion = 17.4.33122.133
MinimumVisualStudioVersion = 10.0.40219.1
Project("{FAE04EC0-301F-11D3-BF4B-00C04F79EFBC}") = "WebHello", "WebHello.csproj", "{40021B63-378E-489F-A642-E55A36488A7B}"
EndProject
Global
	GlobalSection(SolutionConfigurationPlatforms) = preSolution
		Debug|Any CPU = Debug|Any CPU
		Release|Any CPU = Release|Any CPU
	EndGlobalSection
	GlobalSection(ProjectConfigurationPlatforms) = postSolution
		{40021B63-378E-489F-A642-E55A36488A7B}.Debug|Any CPU.ActiveCfg = Debug|Any CPU
		{40021B63-378E-489F-A642-E55A36488A7B}.Debug|Any CPU.Build.0 = Debug|Any CPU
		{40021B63-378E-489F-A642-E55A36488A7B}.Release|Any CPU.ActiveCfg = Release|Any CPU
		{40021B63-378E-489F-A642-E55A36488A7B}.Release|Any CPU.Build.0 = Release|Any CPU
	EndGlobalSection
	GlobalSection(SolutionProperties) = preSolution
		HideSolutionNode = FALSE
	EndGlobalSection
	GlobalSection(ExtensibilityGlobals) = postSolution
		SolutionGuid = {D37526BA-61A3-414D-AF0A-14944E4B306F}
	EndGlobalSection
EndGlobal
