
Microsoft Visual Studio Solution File, Format Version 12.00
# Visual Studio Version 17
VisualStudioVersion = 17.3.32825.248
MinimumVisualStudioVersion = 10.0.40219.1
Project("{FAE04EC0-301F-11D3-BF4B-00C04F79EFBC}") = "HelloCSharp", "HelloCSharp.csproj", "{BD5388A1-AF64-4530-9FE8-F5346F478742}"
EndProject
Global
	GlobalSection(SolutionConfigurationPlatforms) = preSolution
		Debug|Any CPU = Debug|Any CPU
		Release|Any CPU = Release|Any CPU
	EndGlobalSection
	GlobalSection(ProjectConfigurationPlatforms) = postSolution
		{BD5388A1-AF64-4530-9FE8-F5346F478742}.Debug|Any CPU.ActiveCfg = Debug|Any CPU
		{BD5388A1-AF64-4530-9FE8-F5346F478742}.Debug|Any CPU.Build.0 = Debug|Any CPU
		{BD5388A1-AF64-4530-9FE8-F5346F478742}.Release|Any CPU.ActiveCfg = Release|Any CPU
		{BD5388A1-AF64-4530-9FE8-F5346F478742}.Release|Any CPU.Build.0 = Release|Any CPU
	EndGlobalSection
	GlobalSection(SolutionProperties) = preSolution
		HideSolutionNode = FALSE
	EndGlobalSection
	GlobalSection(ExtensibilityGlobals) = postSolution
		SolutionGuid = {757DAC32-5063-4476-9065-D5952BB28163}
	EndGlobalSection
EndGlobal
